
Microsoft Visual Studio Solution File, Format Version 12.00
# Visual Studio Version 16
VisualStudioVersion = 16.0.29609.76
MinimumVisualStudioVersion = 10.0.40219.1
Project("{9A19103F-16F7-4668-BE54-9A1E7A4F7556}") = "Back", "Full\Back.csproj", "{CBDB2F64-D782-478A-9081-22B8F8652733}"
EndProject
Project("{9A19103F-16F7-4668-BE54-9A1E7A4F7556}") = "Blaz", "Blaz\Blaz.csproj", "{603C7709-689C-41F6-8503-7CE3E149DE91}"
EndProject
Project("{9A19103F-16F7-4668-BE54-9A1E7A4F7556}") = "SharedAll", "Shared\SharedAll.csproj", "{B1C9D542-C967-4619-B1E1-6B43277C50AD}"
EndProject
Global
	GlobalSection(SolutionConfigurationPlatforms) = preSolution
		Debug|Any CPU = Debug|Any CPU
		Release|Any CPU = Release|Any CPU
	EndGlobalSection
	GlobalSection(ProjectConfigurationPlatforms) = postSolution
		{CBDB2F64-D782-478A-9081-22B8F8652733}.Debug|Any CPU.ActiveCfg = Debug|Any CPU
		{CBDB2F64-D782-478A-9081-22B8F8652733}.Debug|Any CPU.Build.0 = Debug|Any CPU
		{CBDB2F64-D782-478A-9081-22B8F8652733}.Release|Any CPU.ActiveCfg = Release|Any CPU
		{CBDB2F64-D782-478A-9081-22B8F8652733}.Release|Any CPU.Build.0 = Release|Any CPU
		{603C7709-689C-41F6-8503-7CE3E149DE91}.Debug|Any CPU.ActiveCfg = Debug|Any CPU
		{603C7709-689C-41F6-8503-7CE3E149DE91}.Debug|Any CPU.Build.0 = Debug|Any CPU
		{603C7709-689C-41F6-8503-7CE3E149DE91}.Release|Any CPU.ActiveCfg = Release|Any CPU
		{603C7709-689C-41F6-8503-7CE3E149DE91}.Release|Any CPU.Build.0 = Release|Any CPU
		{B1C9D542-C967-4619-B1E1-6B43277C50AD}.Debug|Any CPU.ActiveCfg = Debug|Any CPU
		{B1C9D542-C967-4619-B1E1-6B43277C50AD}.Debug|Any CPU.Build.0 = Debug|Any CPU
		{B1C9D542-C967-4619-B1E1-6B43277C50AD}.Release|Any CPU.ActiveCfg = Release|Any CPU
		{B1C9D542-C967-4619-B1E1-6B43277C50AD}.Release|Any CPU.Build.0 = Release|Any CPU
	EndGlobalSection
	GlobalSection(SolutionProperties) = preSolution
		HideSolutionNode = FALSE
	EndGlobalSection
	GlobalSection(ExtensibilityGlobals) = postSolution
		SolutionGuid = {7AB6EB40-CE51-4874-8740-17EADB7EDF44}
	EndGlobalSection
EndGlobal
